// !$*UTF8*$!
{
	archiveVersion = 1;
	classes = {
	};
	objectVersion = 46;
	objects = {

/* Begin PBXBuildFile section */
		4B14B0651F208A68000FA05A /* main.m in Sources */ = {isa = PBXBuildFile; fileRef = 4B14B0641F208A68000FA05A /* main.m */; };
		4B14B0681F208A68000FA05A /* AppDelegate.m in Sources */ = {isa = PBXBuildFile; fileRef = 4B14B0671F208A68000FA05A /* AppDelegate.m */; };
		4B14B06B1F208A68000FA05A /* ViewController.m in Sources */ = {isa = PBXBuildFile; fileRef = 4B14B06A1F208A68000FA05A /* ViewController.m */; };
		4B14B06E1F208A68000FA05A /* Main.storyboard in Resources */ = {isa = PBXBuildFile; fileRef = 4B14B06C1F208A68000FA05A /* Main.storyboard */; };
		4B14B0711F208A68000FA05A /* JSInvokeNativeProject.xcdatamodeld in Sources */ = {isa = PBXBuildFile; fileRef = 4B14B06F1F208A68000FA05A /* JSInvokeNativeProject.xcdatamodeld */; };
		4B14B0731F208A68000FA05A /* Assets.xcassets in Resources */ = {isa = PBXBuildFile; fileRef = 4B14B0721F208A68000FA05A /* Assets.xcassets */; };
		4B14B0761F208A68000FA05A /* LaunchScreen.storyboard in Resources */ = {isa = PBXBuildFile; fileRef = 4B14B0741F208A68000FA05A /* LaunchScreen.storyboard */; };
		4B14B07E1F208A78000FA05A /* test.html in Resources */ = {isa = PBXBuildFile; fileRef = 4B14B07D1F208A78000FA05A /* test.html */; };
		4B14B0811F208BE8000FA05A /* UIWebViewController.m in Sources */ = {isa = PBXBuildFile; fileRef = 4B14B0801F208BE8000FA05A /* UIWebViewController.m */; };
		4B14B0841F208BF6000FA05A /* WKWebViewController.m in Sources */ = {isa = PBXBuildFile; fileRef = 4B14B0831F208BF6000FA05A /* WKWebViewController.m */; };
		4B14B0861F208EBC000FA05A /* test.js in Resources */ = {isa = PBXBuildFile; fileRef = 4B14B0851F208EBC000FA05A /* test.js */; };
		4B14B0881F208F07000FA05A /* test.css in Resources */ = {isa = PBXBuildFile; fileRef = 4B14B0871F208F07000FA05A /* test.css */; };
/* End PBXBuildFile section */

/* Begin PBXFileReference section */
		4B14B0601F208A68000FA05A /* JSInvokeNativeProject.app */ = {isa = PBXFileReference; explicitFileType = wrapper.application; includeInIndex = 0; path = JSInvokeNativeProject.app; sourceTree = BUILT_PRODUCTS_DIR; };
		4B14B0641F208A68000FA05A /* main.m */ = {isa = PBXFileReference; lastKnownFileType = sourcecode.c.objc; path = main.m; sourceTree = "<group>"; };
		4B14B0661F208A68000FA05A /* AppDelegate.h */ = {isa = PBXFileReference; lastKnownFileType = sourcecode.c.h; path = AppDelegate.h; sourceTree = "<group>"; };
		4B14B0671F208A68000FA05A /* AppDelegate.m */ = {isa = PBXFileReference; lastKnownFileType = sourcecode.c.objc; path = AppDelegate.m; sourceTree = "<group>"; };
		4B14B0691F208A68000FA05A /* ViewController.h */ = {isa = PBXFileReference; lastKnownFileType = sourcecode.c.h; path = ViewController.h; sourceTree = "<group>"; };
		4B14B06A1F208A68000FA05A /* ViewController.m */ = {isa = PBXFileReference; lastKnownFileType = sourcecode.c.objc; path = ViewController.m; sourceTree = "<group>"; };
		4B14B06D1F208A68000FA05A /* Base */ = {isa = PBXFileReference; lastKnownFileType = file.storyboard; name = Base; path = Base.lproj/Main.storyboard; sourceTree = "<group>"; };
		4B14B0701F208A68000FA05A /* JSInvokeNativeProject.xcdatamodel */ = {isa = PBXFileReference; lastKnownFileType = wrapper.xcdatamodel; path = JSInvokeNativeProject.xcdatamodel; sourceTree = "<group>"; };
		4B14B0721F208A68000FA05A /* Assets.xcassets */ = {isa = PBXFileReference; lastKnownFileType = folder.assetcatalog; path = Assets.xcassets; sourceTree = "<group>"; };
		4B14B0751F208A68000FA05A /* Base */ = {isa = PBXFileReference; lastKnownFileType = file.storyboard; name = Base; path = Base.lproj/LaunchScreen.storyboard; sourceTree = "<group>"; };
		4B14B0771F208A68000FA05A /* Info.plist */ = {isa = PBXFileReference; lastKnownFileType = text.plist.xml; path = Info.plist; sourceTree = "<group>"; };
		4B14B07D1F208A78000FA05A /* test.html */ = {isa = PBXFileReference; fileEncoding = 4; lastKnownFileType = text.html; path = test.html; sourceTree = "<group>"; };
		4B14B07F1F208BE8000FA05A /* UIWebViewController.h */ = {isa = PBXFileReference; fileEncoding = 4; lastKnownFileType = sourcecode.c.h; path = UIWebViewController.h; sourceTree = "<group>"; };
		4B14B0801F208BE8000FA05A /* UIWebViewController.m */ = {isa = PBXFileReference; fileEncoding = 4; lastKnownFileType = sourcecode.c.objc; path = UIWebViewController.m; sourceTree = "<group>"; };
		4B14B0821F208BF6000FA05A /* WKWebViewController.h */ = {isa = PBXFileReference; fileEncoding = 4; lastKnownFileType = sourcecode.c.h; path = WKWebViewController.h; sourceTree = "<group>"; };
		4B14B0831F208BF6000FA05A /* WKWebViewController.m */ = {isa = PBXFileReference; fileEncoding = 4; lastKnownFileType = sourcecode.c.objc; path = WKWebViewController.m; sourceTree = "<group>"; };
		4B14B0851F208EBC000FA05A /* test.js */ = {isa = PBXFileReference; fileEncoding = 4; lastKnownFileType = sourcecode.javascript; path = test.js; sourceTree = "<group>"; };
		4B14B0871F208F07000FA05A /* test.css */ = {isa = PBXFileReference; fileEncoding = 4; lastKnownFileType = text.css; path = test.css; sourceTree = "<group>"; };
		4B14B0891F20919D000FA05A /* JSNativeProtocol.h */ = {isa = PBXFileReference; fileEncoding = 4; lastKnownFileType = sourcecode.c.h; path = JSNativeProtocol.h; sourceTree = "<group>"; };
/* End PBXFileReference section */

/* Begin PBXFrameworksBuildPhase section */
		4B14B05D1F208A68000FA05A /* Frameworks */ = {
			isa = PBXFrameworksBuildPhase;
			buildActionMask = 2147483647;
			files = (
			);
			runOnlyForDeploymentPostprocessing = 0;
		};
/* End PBXFrameworksBuildPhase section */

/* Begin PBXGroup section */
		4B14B0571F208A68000FA05A = {
			isa = PBXGroup;
			children = (
				4B14B0621F208A68000FA05A /* JSInvokeNativeProject */,
				4B14B0611F208A68000FA05A /* Products */,
			);
			sourceTree = "<group>";
		};
		4B14B0611F208A68000FA05A /* Products */ = {
			isa = PBXGroup;
			children = (
				4B14B0601F208A68000FA05A /* JSInvokeNativeProject.app */,
			);
			name = Products;
			sourceTree = "<group>";
		};
		4B14B0621F208A68000FA05A /* JSInvokeNativeProject */ = {
			isa = PBXGroup;
			children = (
				4B14B0661F208A68000FA05A /* AppDelegate.h */,
				4B14B0671F208A68000FA05A /* AppDelegate.m */,
				4B14B0691F208A68000FA05A /* ViewController.h */,
				4B14B06A1F208A68000FA05A /* ViewController.m */,
				4B14B07D1F208A78000FA05A /* test.html */,
				4B14B0851F208EBC000FA05A /* test.js */,
				4B14B0871F208F07000FA05A /* test.css */,
				4B14B06C1F208A68000FA05A /* Main.storyboard */,
				4B14B0891F20919D000FA05A /* JSNativeProtocol.h */,
				4B14B07F1F208BE8000FA05A /* UIWebViewController.h */,
				4B14B0801F208BE8000FA05A /* UIWebViewController.m */,
				4B14B0821F208BF6000FA05A /* WKWebViewController.h */,
				4B14B0831F208BF6000FA05A /* WKWebViewController.m */,
				4B14B0721F208A68000FA05A /* Assets.xcassets */,
				4B14B0741F208A68000FA05A /* LaunchScreen.storyboard */,
				4B14B0771F208A68000FA05A /* Info.plist */,
				4B14B06F1F208A68000FA05A /* JSInvokeNativeProject.xcdatamodeld */,
				4B14B0631F208A68000FA05A /* Supporting Files */,
			);
			path = JSInvokeNativeProject;
			sourceTree = "<group>";
		};
		4B14B0631F208A68000FA05A /* Supporting Files */ = {
			isa = PBXGroup;
			children = (
				4B14B0641F208A68000FA05A /* main.m */,
			);
			name = "Supporting Files";
			sourceTree = "<group>";
		};
/* End PBXGroup section */

/* Begin PBXNativeTarget section */
		4B14B05F1F208A68000FA05A /* JSInvokeNativeProject */ = {
			isa = PBXNativeTarget;
			buildConfigurationList = 4B14B07A1F208A68000FA05A /* Build configuration list for PBXNativeTarget "JSInvokeNativeProject" */;
			buildPhases = (
				4B14B05C1F208A68000FA05A /* Sources */,
				4B14B05D1F208A68000FA05A /* Frameworks */,
				4B14B05E1F208A68000FA05A /* Resources */,
			);
			buildRules = (
			);
			dependencies = (
			);
			name = JSInvokeNativeProject;
			productName = JSInvokeNativeProject;
			productReference = 4B14B0601F208A68000FA05A /* JSInvokeNativeProject.app */;
			productType = "com.apple.product-type.application";
		};
/* End PBXNativeTarget section */

/* Begin PBXProject section */
		4B14B0581F208A68000FA05A /* Project object */ = {
			isa = PBXProject;
			attributes = {
				LastUpgradeCheck = 0830;
				ORGANIZATIONNAME = Jacue;
				TargetAttributes = {
					4B14B05F1F208A68000FA05A = {
						CreatedOnToolsVersion = 8.3.2;
						DevelopmentTeam = RSKK94MX83;
						ProvisioningStyle = Automatic;
					};
				};
			};
			buildConfigurationList = 4B14B05B1F208A68000FA05A /* Build configuration list for PBXProject "JSInvokeNativeProject" */;
			compatibilityVersion = "Xcode 3.2";
			developmentRegion = English;
			hasScannedForEncodings = 0;
			knownRegions = (
				en,
				Base,
			);
			mainGroup = 4B14B0571F208A68000FA05A;
			productRefGroup = 4B14B0611F208A68000FA05A /* Products */;
			projectDirPath = "";
			projectRoot = "";
			targets = (
				4B14B05F1F208A68000FA05A /* JSInvokeNativeProject */,
			);
		};
/* End PBXProject section */

/* Begin PBXResourcesBuildPhase section */
		4B14B05E1F208A68000FA05A /* Resources */ = {
			isa = PBXResourcesBuildPhase;
			buildActionMask = 2147483647;
			files = (
				4B14B0861F208EBC000FA05A /* test.js in Resources */,
				4B14B07E1F208A78000FA05A /* test.html in Resources */,
				4B14B0761F208A68000FA05A /* LaunchScreen.storyboard in Resources */,
				4B14B0731F208A68000FA05A /* Assets.xcassets in Resources */,
				4B14B06E1F208A68000FA05A /* Main.storyboard in Resources */,
				4B14B0881F208F07000FA05A /* test.css in Resources */,
			);
			runOnlyForDeploymentPostprocessing = 0;
		};
/* End PBXResourcesBuildPhase section */

/* Begin PBXSourcesBuildPhase section */
		4B14B05C1F208A68000FA05A /* Sources */ = {
			isa = PBXSourcesBuildPhase;
			buildActionMask = 2147483647;
			files = (
				4B14B06B1F208A68000FA05A /* ViewController.m in Sources */,
				4B14B0711F208A68000FA05A /* JSInvokeNativeProject.xcdatamodeld in Sources */,
				4B14B0681F208A68000FA05A /* AppDelegate.m in Sources */,
				4B14B0811F208BE8000FA05A /* UIWebViewController.m in Sources */,
				4B14B0651F208A68000FA05A /* main.m in Sources */,
				4B14B0841F208BF6000FA05A /* WKWebViewController.m in Sources */,
			);
			runOnlyForDeploymentPostprocessing = 0;
		};
/* End PBXSourcesBuildPhase section */

/* Begin PBXVariantGroup section */
		4B14B06C1F208A68000FA05A /* Main.storyboard */ = {
			isa = PBXVariantGroup;
			children = (
				4B14B06D1F208A68000FA05A /* Base */,
			);
			name = Main.storyboard;
			sourceTree = "<group>";
		};
		4B14B0741F208A68000FA05A /* LaunchScreen.storyboard */ = {
			isa = PBXVariantGroup;
			children = (
				4B14B0751F208A68000FA05A /* Base */,
			);
			name = LaunchScreen.storyboard;
			sourceTree = "<group>";
		};
/* End PBXVariantGroup section */

/* Begin XCBuildConfiguration section */
		4B14B0781F208A68000FA05A /* Debug */ = {
			isa = XCBuildConfiguration;
			buildSettings = {
				ALWAYS_SEARCH_USER_PATHS = NO;
				CLANG_ANALYZER_NONNULL = YES;
				CLANG_ANALYZER_NUMBER_OBJECT_CONVERSION = YES_AGGRESSIVE;
				CLANG_CXX_LANGUAGE_STANDARD = "gnu++0x";
				CLANG_CXX_LIBRARY = "libc++";
				CLANG_ENABLE_MODULES = YES;
				CLANG_ENABLE_OBJC_ARC = YES;
				CLANG_WARN_BOOL_CONVERSION = YES;
				CLANG_WARN_CONSTANT_CONVERSION = YES;
				CLANG_WARN_DIRECT_OBJC_ISA_USAGE = YES_ERROR;
				CLANG_WARN_DOCUMENTATION_COMMENTS = YES;
				CLANG_WARN_EMPTY_BODY = YES;
				CLANG_WARN_ENUM_CONVERSION = YES;
				CLANG_WARN_INFINITE_RECURSION = YES;
				CLANG_WARN_INT_CONVERSION = YES;
				CLANG_WARN_OBJC_ROOT_CLASS = YES_ERROR;
				CLANG_WARN_SUSPICIOUS_MOVE = YES;
				CLANG_WARN_UNREACHABLE_CODE = YES;
				CLANG_WARN__DUPLICATE_METHOD_MATCH = YES;
				"CODE_SIGN_IDENTITY[sdk=iphoneos*]" = "iPhone Developer";
				COPY_PHASE_STRIP = NO;
				DEBUG_INFORMATION_FORMAT = dwarf;
				ENABLE_STRICT_OBJC_MSGSEND = YES;
				ENABLE_TESTABILITY = YES;
				GCC_C_LANGUAGE_STANDARD = gnu99;
				GCC_DYNAMIC_NO_PIC = NO;
				GCC_NO_COMMON_BLOCKS = YES;
				GCC_OPTIMIZATION_LEVEL = 0;
				GCC_PREPROCESSOR_DEFINITIONS = (
					"DEBUG=1",
					"$(inherited)",
				);
				GCC_WARN_64_TO_32_BIT_CONVERSION = YES;
				GCC_WARN_ABOUT_RETURN_TYPE = YES_ERROR;
				GCC_WARN_UNDECLARED_SELECTOR = YES;
				GCC_WARN_UNINITIALIZED_AUTOS = YES_AGGRESSIVE;
				GCC_WARN_UNUSED_FUNCTION = YES;
				GCC_WARN_UNUSED_VARIABLE = YES;
				IPHONEOS_DEPLOYMENT_TARGET = 10.3;
				MTL_ENABLE_DEBUG_INFO = YES;
				ONLY_ACTIVE_ARCH = YES;
				SDKROOT = iphoneos;
			};
			name = Debug;
		};
		4B14B0791F208A68000FA05A /* Release */ = {
			isa = XCBuildConfiguration;
			buildSettings = {
				ALWAYS_SEARCH_USER_PATHS = NO;
				CLANG_ANALYZER_NONNULL = YES;
				CLANG_ANALYZER_NUMBER_OBJECT_CONVERSION = YES_AGGRESSIVE;
				CLANG_CXX_LANGUAGE_STANDARD = "gnu++0x";
				CLANG_CXX_LIBRARY = "libc++";
				CLANG_ENABLE_MODULES = YES;
				CLANG_ENABLE_OBJC_ARC = YES;
				CLANG_WARN_BOOL_CONVERSION = YES;
				CLANG_WARN_CONSTANT_CONVERSION = YES;
				CLANG_WARN_DIRECT_OBJC_ISA_USAGE = YES_ERROR;
				CLANG_WARN_DOCUMENTATION_COMMENTS = YES;
				CLANG_WARN_EMPTY_BODY = YES;
				CLANG_WARN_ENUM_CONVERSION = YES;
				CLANG_WARN_INFINITE_RECURSION = YES;
				CLANG_WARN_INT_CONVERSION = YES;
				CLANG_WARN_OBJC_ROOT_CLASS = YES_ERROR;
				CLANG_WARN_SUSPICIOUS_MOVE = YES;
				CLANG_WARN_UNREACHABLE_CODE = YES;
				CLANG_WARN__DUPLICATE_METHOD_MATCH = YES;
				"CODE_SIGN_IDENTITY[sdk=iphoneos*]" = "iPhone Developer";
				COPY_PHASE_STRIP = NO;
				DEBUG_INFORMATION_FORMAT = "dwarf-with-dsym";
				ENABLE_NS_ASSERTIONS = NO;
				ENABLE_STRICT_OBJC_MSGSEND = YES;
				GCC_C_LANGUAGE_STANDARD = gnu99;
				GCC_NO_COMMON_BLOCKS = YES;
				GCC_WARN_64_TO_32_BIT_CONVERSION = YES;
				GCC_WARN_ABOUT_RETURN_TYPE = YES_ERROR;
				GCC_WARN_UNDECLARED_SELECTOR = YES;
				GCC_WARN_UNINITIALIZED_AUTOS = YES_AGGRESSIVE;
				GCC_WARN_UNUSED_FUNCTION = YES;
				GCC_WARN_UNUSED_VARIABLE = YES;
				IPHONEOS_DEPLOYMENT_TARGET = 10.3;
				MTL_ENABLE_DEBUG_INFO = NO;
				SDKROOT = iphoneos;
				VALIDATE_PRODUCT = YES;
			};
			name = Release;
		};
		4B14B07B1F208A68000FA05A /* Debug */ = {
			isa = XCBuildConfiguration;
			buildSettings = {
				ASSETCATALOG_COMPILER_APPICON_NAME = AppIcon;
				DEVELOPMENT_TEAM = RSKK94MX83;
				INFOPLIST_FILE = JSInvokeNativeProject/Info.plist;
				LD_RUNPATH_SEARCH_PATHS = "$(inherited) @executable_path/Frameworks";
				PRODUCT_BUNDLE_IDENTIFIER = Jacue.JSInvokeNativeProject;
				PRODUCT_NAME = "$(TARGET_NAME)";
			};
			name = Debug;
		};
		4B14B07C1F208A68000FA05A /* Release */ = {
			isa = XCBuildConfiguration;
			buildSettings = {
				ASSETCATALOG_COMPILER_APPICON_NAME = AppIcon;
				DEVELOPMENT_TEAM = RSKK94MX83;
				INFOPLIST_FILE = JSInvokeNativeProject/Info.plist;
				LD_RUNPATH_SEARCH_PATHS = "$(inherited) @executable_path/Frameworks";
				PRODUCT_BUNDLE_IDENTIFIER = Jacue.JSInvokeNativeProject;
				PRODUCT_NAME = "$(TARGET_NAME)";
			};
			name = Release;
		};
/* End XCBuildConfiguration section */

/* Begin XCConfigurationList section */
		4B14B05B1F208A68000FA05A /* Build configuration list for PBXProject "JSInvokeNativeProject" */ = {
			isa = XCConfigurationList;
			buildConfigurations = (
				4B14B0781F208A68000FA05A /* Debug */,
				4B14B0791F208A68000FA05A /* Release */,
			);
			defaultConfigurationIsVisible = 0;
			defaultConfigurationName = Release;
		};
		4B14B07A1F208A68000FA05A /* Build configuration list for PBXNativeTarget "JSInvokeNativeProject" */ = {
			isa = XCConfigurationList;
			buildConfigurations = (
				4B14B07B1F208A68000FA05A /* Debug */,
				4B14B07C1F208A68000FA05A /* Release */,
			);
			defaultConfigurationIsVisible = 0;
		};
/* End XCConfigurationList section */

/* Begin XCVersionGroup section */
		4B14B06F1F208A68000FA05A /* JSInvokeNativeProject.xcdatamodeld */ = {
			isa = XCVersionGroup;
			children = (
				4B14B0701F208A68000FA05A /* JSInvokeNativeProject.xcdatamodel */,
			);
			currentVersion = 4B14B0701F208A68000FA05A /* JSInvokeNativeProject.xcdatamodel */;
			path = JSInvokeNativeProject.xcdatamodeld;
			sourceTree = "<group>";
			versionGroupType = wrapper.xcdatamodel;
		};
/* End XCVersionGroup section */
	};
	rootObject = 4B14B0581F208A68000FA05A /* Project object */;
}
